
Microsoft Visual Studio Solution File, Format Version 12.00
# Visual Studio 15
VisualStudioVersion = 15.0.27004.2002
MinimumVisualStudioVersion = 10.0.40219.1
Project("{FAE04EC0-301F-11D3-BF4B-00C04F79EFBC}") = "Vidly", "Vidly\Vidly.csproj", "{7DCF04E4-5AEC-4ADD-A2FA-6EC3A1767CA6}"
EndProject
Global
	GlobalSection(SolutionConfigurationPlatforms) = preSolution
		Debug|Any CPU = Debug|Any CPU
		Release|Any CPU = Release|Any CPU
	EndGlobalSection
	GlobalSection(ProjectConfigurationPlatforms) = postSolution
		{7DCF04E4-5AEC-4ADD-A2FA-6EC3A1767CA6}.Debug|Any CPU.ActiveCfg = Debug|Any CPU
		{7DCF04E4-5AEC-4ADD-A2FA-6EC3A1767CA6}.Debug|Any CPU.Build.0 = Debug|Any CPU
		{7DCF04E4-5AEC-4ADD-A2FA-6EC3A1767CA6}.Release|Any CPU.ActiveCfg = Release|Any CPU
		{7DCF04E4-5AEC-4ADD-A2FA-6EC3A1767CA6}.Release|Any CPU.Build.0 = Release|Any CPU
	EndGlobalSection
	GlobalSection(SolutionProperties) = preSolution
		HideSolutionNode = FALSE
	EndGlobalSection
	GlobalSection(ExtensibilityGlobals) = postSolution
		SolutionGuid = {AB50EF63-181C-4DBD-881D-06400E5E81B7}
	EndGlobalSection
EndGlobal
